
Microsoft Visual Studio Solution File, Format Version 12.00
# Visual Studio 15
VisualStudioVersion = 15.0.28010.2026
MinimumVisualStudioVersion = 10.0.40219.1
Project("{8BC9CEB8-8B4A-11D0-8D11-00A0C91BC942}") = "Test", "Test\Test.vcxproj", "{A00A66ED-35E0-434D-88D5-8945BC79BA39}"
EndProject
Global
	GlobalSection(SolutionConfigurationPlatforms) = preSolution
		Debug|x64 = Debug|x64
		Debug|x86 = Debug|x86
		Release|x64 = Release|x64
		Release|x86 = Release|x86
	EndGlobalSection
	GlobalSection(ProjectConfigurationPlatforms) = postSolution
		{A00A66ED-35E0-434D-88D5-8945BC79BA39}.Debug|x64.ActiveCfg = Debug|x64
		{A00A66ED-35E0-434D-88D5-8945BC79BA39}.Debug|x64.Build.0 = Debug|x64
		{A00A66ED-35E0-434D-88D5-8945BC79BA39}.Debug|x86.ActiveCfg = Debug|Win32
		{A00A66ED-35E0-434D-88D5-8945BC79BA39}.Debug|x86.Build.0 = Debug|Win32
		{A00A66ED-35E0-434D-88D5-8945BC79BA39}.Release|x64.ActiveCfg = Release|x64
		{A00A66ED-35E0-434D-88D5-8945BC79BA39}.Release|x64.Build.0 = Release|x64
		{A00A66ED-35E0-434D-88D5-8945BC79BA39}.Release|x86.ActiveCfg = Release|Win32
		{A00A66ED-35E0-434D-88D5-8945BC79BA39}.Release|x86.Build.0 = Release|Win32
	EndGlobalSection
	GlobalSection(SolutionProperties) = preSolution
		HideSolutionNode = FALSE
	EndGlobalSection
	GlobalSection(ExtensibilityGlobals) = postSolution
		SolutionGuid = {269B9AB0-E7FD-4D23-8C47-96AA4344FE81}
	EndGlobalSection
EndGlobal
